
Microsoft Visual Studio Solution File, Format Version 12.00
# Visual Studio Version 16
VisualStudioVersion = 16.0.31205.134
MinimumVisualStudioVersion = 10.0.40219.1
Project("{FAE04EC0-301F-11D3-BF4B-00C04F79EFBC}") = "GetTypeAndFields", "GetTypeAndFields\GetTypeAndFields.csproj", "{8B551674-195B-434F-BB30-06187D89E207}"
EndProject
Global
	GlobalSection(SolutionConfigurationPlatforms) = preSolution
		Debug|Any CPU = Debug|Any CPU
		Release|Any CPU = Release|Any CPU
	EndGlobalSection
	GlobalSection(ProjectConfigurationPlatforms) = postSolution
		{8B551674-195B-434F-BB30-06187D89E207}.Debug|Any CPU.ActiveCfg = Debug|Any CPU
		{8B551674-195B-434F-BB30-06187D89E207}.Debug|Any CPU.Build.0 = Debug|Any CPU
		{8B551674-195B-434F-BB30-06187D89E207}.Release|Any CPU.ActiveCfg = Release|Any CPU
		{8B551674-195B-434F-BB30-06187D89E207}.Release|Any CPU.Build.0 = Release|Any CPU
	EndGlobalSection
	GlobalSection(SolutionProperties) = preSolution
		HideSolutionNode = FALSE
	EndGlobalSection
	GlobalSection(ExtensibilityGlobals) = postSolution
		SolutionGuid = {6B7BE137-5CD2-47A1-8415-F6EAF1A9C60E}
	EndGlobalSection
EndGlobal
